// !$*UTF8*$!
{
	archiveVersion = 1;
	classes = {
	};
	objectVersion = 45;
	objects = {

/* Begin PBXBuildFile section */
		8DC2EF530486A6940098B216 /* InfoPlist.strings in Resources */ = {isa = PBXBuildFile; fileRef = 089C1666FE841158C02AAC07 /* InfoPlist.strings */; };
		8DC2EF570486A6940098B216 /* Cocoa.framework in Frameworks */ = {isa = PBXBuildFile; fileRef = 1058C7B1FEA5585E11CA2CBB /* Cocoa.framework */; };
		C9684F7A10A7414B003816A7 /* EMKeychainItem.m in Sources */ = {isa = PBXBuildFile; fileRef = C9684F7710A7414B003816A7 /* EMKeychainItem.m */; };
		C9684F7B10A7414B003816A7 /* EMKeychainProxy.m in Sources */ = {isa = PBXBuildFile; fileRef = C9684F7910A7414B003816A7 /* EMKeychainProxy.m */; };
		C9684FA410A7483E003816A7 /* UIController.m in Sources */ = {isa = PBXBuildFile; fileRef = C9684FA310A7483E003816A7 /* UIController.m */; };
		C968513110A74E8E003816A7 /* Carbon.framework in Frameworks */ = {isa = PBXBuildFile; fileRef = C968513010A74E8E003816A7 /* Carbon.framework */; };
		C96851EF10A74E95003816A7 /* Security.framework in Frameworks */ = {isa = PBXBuildFile; fileRef = C96851EE10A74E95003816A7 /* Security.framework */; };
		C968524610A7514F003816A7 /* LFValidateSessionRequest.h in Headers */ = {isa = PBXBuildFile; fileRef = C968524410A7514F003816A7 /* LFValidateSessionRequest.h */; };
		C968524710A7514F003816A7 /* LFValidateSessionRequest.m in Sources */ = {isa = PBXBuildFile; fileRef = C968524510A7514F003816A7 /* LFValidateSessionRequest.m */; };
		C968534A10A776F8003816A7 /* LFScrobblerHandshakeRequest.h in Headers */ = {isa = PBXBuildFile; fileRef = C968534810A776F8003816A7 /* LFScrobblerHandshakeRequest.h */; };
		C968534B10A776F8003816A7 /* LFScrobblerHandshakeRequest.m in Sources */ = {isa = PBXBuildFile; fileRef = C968534910A776F8003816A7 /* LFScrobblerHandshakeRequest.m */; };
		C969718610A5037500A9FFAD /* LFNowPlayingRequest.h in Headers */ = {isa = PBXBuildFile; fileRef = C969718410A5037500A9FFAD /* LFNowPlayingRequest.h */; };
		C969718710A5037500A9FFAD /* LFNowPlayingRequest.m in Sources */ = {isa = PBXBuildFile; fileRef = C969718510A5037500A9FFAD /* LFNowPlayingRequest.m */; };
		C969718A10A5037E00A9FFAD /* LFScrobbleRequest.h in Headers */ = {isa = PBXBuildFile; fileRef = C969718810A5037E00A9FFAD /* LFScrobbleRequest.h */; };
		C969718B10A5037E00A9FFAD /* LFScrobbleRequest.m in Sources */ = {isa = PBXBuildFile; fileRef = C969718910A5037E00A9FFAD /* LFScrobbleRequest.m */; };
		C969718E10A5038600A9FFAD /* LFLoveRequest.h in Headers */ = {isa = PBXBuildFile; fileRef = C969718C10A5038600A9FFAD /* LFLoveRequest.h */; };
		C969718F10A5038600A9FFAD /* LFLoveRequest.m in Sources */ = {isa = PBXBuildFile; fileRef = C969718D10A5038600A9FFAD /* LFLoveRequest.m */; };
		C969719210A5038A00A9FFAD /* LFBanRequest.h in Headers */ = {isa = PBXBuildFile; fileRef = C969719010A5038A00A9FFAD /* LFBanRequest.h */; };
		C969719310A5038A00A9FFAD /* LFBanRequest.m in Sources */ = {isa = PBXBuildFile; fileRef = C969719110A5038A00A9FFAD /* LFBanRequest.m */; };
		C969719610A5039700A9FFAD /* LFGetTokenRequest.h in Headers */ = {isa = PBXBuildFile; fileRef = C969719410A5039700A9FFAD /* LFGetTokenRequest.h */; };
		C969719710A5039700A9FFAD /* LFGetTokenRequest.m in Sources */ = {isa = PBXBuildFile; fileRef = C969719510A5039700A9FFAD /* LFGetTokenRequest.m */; };
		C969719A10A5039E00A9FFAD /* LFGetSessionRequest.h in Headers */ = {isa = PBXBuildFile; fileRef = C969719810A5039E00A9FFAD /* LFGetSessionRequest.h */; };
		C969719B10A5039E00A9FFAD /* LFGetSessionRequest.m in Sources */ = {isa = PBXBuildFile; fileRef = C969719910A5039E00A9FFAD /* LFGetSessionRequest.m */; };
		C96971A210A5044400A9FFAD /* LFRequestTypes.h in Headers */ = {isa = PBXBuildFile; fileRef = C96971A010A5044400A9FFAD /* LFRequestTypes.h */; };
		C969720710A50DF900A9FFAD /* NSString+LFExtensions.h in Headers */ = {isa = PBXBuildFile; fileRef = C969720510A50DF900A9FFAD /* NSString+LFExtensions.h */; };
		C969720810A50DF900A9FFAD /* NSString+LFExtensions.m in Sources */ = {isa = PBXBuildFile; fileRef = C969720610A50DF900A9FFAD /* NSString+LFExtensions.m */; };
		C97DBFFD10AB9D1F00B0F18D /* Last.fm.framework in CopyFiles */ = {isa = PBXBuildFile; fileRef = 8DC2EF5B0486A6940098B216 /* Last.fm.framework */; };
		C97DC00510AB9D2600B0F18D /* Cocoa.framework in Frameworks */ = {isa = PBXBuildFile; fileRef = 1058C7B1FEA5585E11CA2CBB /* Cocoa.framework */; };
		C97DC00A10AB9D2C00B0F18D /* Last.fm.framework in Frameworks */ = {isa = PBXBuildFile; fileRef = 8DC2EF5B0486A6940098B216 /* Last.fm.framework */; };
		C97DC01510AB9D3B00B0F18D /* Carbon.framework in Frameworks */ = {isa = PBXBuildFile; fileRef = C968513010A74E8E003816A7 /* Carbon.framework */; };
		C97DC0D110AB9D4300B0F18D /* Security.framework in Frameworks */ = {isa = PBXBuildFile; fileRef = C96851EE10A74E95003816A7 /* Security.framework */; };
		C97DC11710AB9D7500B0F18D /* main.m in Sources */ = {isa = PBXBuildFile; fileRef = C9D5C79C10A28A8C00AFCF8A /* main.m */; };
		C97DC11810AB9D8500B0F18D /* EMKeychainItem.m in Sources */ = {isa = PBXBuildFile; fileRef = C9684F7710A7414B003816A7 /* EMKeychainItem.m */; };
		C97DC11910AB9D8C00B0F18D /* EMKeychainProxy.m in Sources */ = {isa = PBXBuildFile; fileRef = C9684F7910A7414B003816A7 /* EMKeychainProxy.m */; };
		C97DC11B10AB9D9800B0F18D /* Scrobbly.xib in Resources */ = {isa = PBXBuildFile; fileRef = C97DC11A10AB9D9800B0F18D /* Scrobbly.xib */; };
		C97DC12E10AB9EE900B0F18D /* SYController.m in Sources */ = {isa = PBXBuildFile; fileRef = C97DC12D10AB9EE900B0F18D /* SYController.m */; };
		C97DC13310AB9EF100B0F18D /* SYUIController.m in Sources */ = {isa = PBXBuildFile; fileRef = C97DC13210AB9EF100B0F18D /* SYUIController.m */; };
		C97DC16D10ABA45B00B0F18D /* lcd.png in Resources */ = {isa = PBXBuildFile; fileRef = C97DC16C10ABA45B00B0F18D /* lcd.png */; };
		C97DC17210ABA51700B0F18D /* SYLCDView.m in Sources */ = {isa = PBXBuildFile; fileRef = C97DC17110ABA51700B0F18D /* SYLCDView.m */; };
		C97DC18710ABA5CD00B0F18D /* SYWhiteView.m in Sources */ = {isa = PBXBuildFile; fileRef = C97DC18610ABA5CD00B0F18D /* SYWhiteView.m */; };
		C97DC1BB10ABAC6F00B0F18D /* love.png in Resources */ = {isa = PBXBuildFile; fileRef = C97DC1B910ABAC6F00B0F18D /* love.png */; };
		C97DC1BC10ABAC6F00B0F18D /* ban.png in Resources */ = {isa = PBXBuildFile; fileRef = C97DC1BA10ABAC6F00B0F18D /* ban.png */; };
		C97DC1F910ABB2B700B0F18D /* MPFunctions.m in Sources */ = {isa = PBXBuildFile; fileRef = C97DC1F310ABB2B700B0F18D /* MPFunctions.m */; };
		C97DC1FA10ABB2B700B0F18D /* NSCollections+MPTidbits.m in Sources */ = {isa = PBXBuildFile; fileRef = C97DC1F610ABB2B700B0F18D /* NSCollections+MPTidbits.m */; };
		C97DC1FB10ABB2B700B0F18D /* NSString+MPTidbits.m in Sources */ = {isa = PBXBuildFile; fileRef = C97DC1F810ABB2B700B0F18D /* NSString+MPTidbits.m */; };
		C9CD582510A3302200AB1952 /* LFWebService.h in Headers */ = {isa = PBXBuildFile; fileRef = C9CD582310A3302200AB1952 /* LFWebService.h */; settings = {ATTRIBUTES = (Public, ); }; };
		C9CD582610A3302200AB1952 /* LFWebService.m in Sources */ = {isa = PBXBuildFile; fileRef = C9CD582410A3302200AB1952 /* LFWebService.m */; };
		C9CD582B10A3327700AB1952 /* LFPlaySession.h in Headers */ = {isa = PBXBuildFile; fileRef = C9CD582910A3327700AB1952 /* LFPlaySession.h */; };
		C9CD582C10A3327700AB1952 /* LFPlaySession.m in Sources */ = {isa = PBXBuildFile; fileRef = C9CD582A10A3327700AB1952 /* LFPlaySession.m */; };
		C9CD583B10A3374100AB1952 /* Last.fm.h in Headers */ = {isa = PBXBuildFile; fileRef = C9CD583910A3374100AB1952 /* Last.fm.h */; settings = {ATTRIBUTES = (Public, ); }; };
		C9CD584E10A3553500AB1952 /* LFRequest.h in Headers */ = {isa = PBXBuildFile; fileRef = C9CD584C10A3553500AB1952 /* LFRequest.h */; };
		C9CD584F10A3553500AB1952 /* LFRequest.m in Sources */ = {isa = PBXBuildFile; fileRef = C9CD584D10A3553500AB1952 /* LFRequest.m */; };
		C9CD589510A366C800AB1952 /* LFWebServicePrivate.h in Headers */ = {isa = PBXBuildFile; fileRef = C9CD589310A366C800AB1952 /* LFWebServicePrivate.h */; };
		C9CD589F10A367BA00AB1952 /* LFWebServiceDelegate.h in Headers */ = {isa = PBXBuildFile; fileRef = C9CD589D10A367BA00AB1952 /* LFWebServiceDelegate.h */; settings = {ATTRIBUTES = (Public, ); }; };
		C9D5C79410A28A4B00AFCF8A /* Last.fm.framework in CopyFiles */ = {isa = PBXBuildFile; fileRef = 8DC2EF5B0486A6940098B216 /* Last.fm.framework */; };
		C9D5C79D10A28A8C00AFCF8A /* main.m in Sources */ = {isa = PBXBuildFile; fileRef = C9D5C79C10A28A8C00AFCF8A /* main.m */; };
		C9D5C7A210A28B0000AFCF8A /* Controller.m in Sources */ = {isa = PBXBuildFile; fileRef = C9D5C7A110A28B0000AFCF8A /* Controller.m */; };
		C9D5C7A710A28B3500AFCF8A /* LFTrack.h in Headers */ = {isa = PBXBuildFile; fileRef = C9D5C7A510A28B3500AFCF8A /* LFTrack.h */; settings = {ATTRIBUTES = (Public, ); }; };
		C9D5C7A810A28B3500AFCF8A /* LFTrack.m in Sources */ = {isa = PBXBuildFile; fileRef = C9D5C7A610A28B3500AFCF8A /* LFTrack.m */; };
		C9D5C7AE10A28B5D00AFCF8A /* MainMenu.xib in Resources */ = {isa = PBXBuildFile; fileRef = C9D5C7AD10A28B5D00AFCF8A /* MainMenu.xib */; };
		C9D5C7B810A28BC900AFCF8A /* Cocoa.framework in Frameworks */ = {isa = PBXBuildFile; fileRef = 1058C7B1FEA5585E11CA2CBB /* Cocoa.framework */; };
		C9D5C7BC10A28BD500AFCF8A /* Last.fm.framework in Frameworks */ = {isa = PBXBuildFile; fileRef = 8DC2EF5B0486A6940098B216 /* Last.fm.framework */; };
/* End PBXBuildFile section */

/* Begin PBXContainerItemProxy section */
		C97DBFF710AB9D0900B0F18D /* PBXContainerItemProxy */ = {
			isa = PBXContainerItemProxy;
			containerPortal = 0867D690FE84028FC02AAC07 /* Project object */;
			proxyType = 1;
			remoteGlobalIDString = 8DC2EF4F0486A6940098B216 /* Last.fm */;
			remoteInfo = Last.fm;
		};
		C9D5C79110A28A3900AFCF8A /* PBXContainerItemProxy */ = {
			isa = PBXContainerItemProxy;
			containerPortal = 0867D690FE84028FC02AAC07 /* Project object */;
			proxyType = 1;
			remoteGlobalIDString = 8DC2EF4F0486A6940098B216;
			remoteInfo = Last.fm;
		};
/* End PBXContainerItemProxy section */

/* Begin PBXCopyFilesBuildPhase section */
		C97DC11410AB9D6100B0F18D /* CopyFiles */ = {
			isa = PBXCopyFilesBuildPhase;
			buildActionMask = 2147483647;
			dstPath = "";
			dstSubfolderSpec = 10;
			files = (
				C97DBFFD10AB9D1F00B0F18D /* Last.fm.framework in CopyFiles */,
			);
			runOnlyForDeploymentPostprocessing = 0;
		};
		C9D5C79610A28A5A00AFCF8A /* CopyFiles */ = {
			isa = PBXCopyFilesBuildPhase;
			buildActionMask = 2147483647;
			dstPath = "";
			dstSubfolderSpec = 10;
			files = (
				C9D5C79410A28A4B00AFCF8A /* Last.fm.framework in CopyFiles */,
			);
			runOnlyForDeploymentPostprocessing = 0;
		};
/* End PBXCopyFilesBuildPhase section */

/* Begin PBXFileReference section */
		0867D69BFE84028FC02AAC07 /* Foundation.framework */ = {isa = PBXFileReference; lastKnownFileType = wrapper.framework; name = Foundation.framework; path = /System/Library/Frameworks/Foundation.framework; sourceTree = "<absolute>"; };
		0867D6A5FE840307C02AAC07 /* AppKit.framework */ = {isa = PBXFileReference; lastKnownFileType = wrapper.framework; name = AppKit.framework; path = /System/Library/Frameworks/AppKit.framework; sourceTree = "<absolute>"; };
		089C1667FE841158C02AAC07 /* English */ = {isa = PBXFileReference; fileEncoding = 4; lastKnownFileType = text.plist.strings; name = English; path = English.lproj/InfoPlist.strings; sourceTree = "<group>"; };
		1058C7B1FEA5585E11CA2CBB /* Cocoa.framework */ = {isa = PBXFileReference; lastKnownFileType = wrapper.framework; name = Cocoa.framework; path = /System/Library/Frameworks/Cocoa.framework; sourceTree = "<absolute>"; };
		32DBCF5E0370ADEE00C91783 /* Last.fm_Prefix.pch */ = {isa = PBXFileReference; fileEncoding = 4; lastKnownFileType = sourcecode.c.h; path = Last.fm_Prefix.pch; sourceTree = "<group>"; };
		8DC2EF5A0486A6940098B216 /* Info.plist */ = {isa = PBXFileReference; fileEncoding = 4; lastKnownFileType = text.plist.xml; path = Info.plist; sourceTree = "<group>"; };
		8DC2EF5B0486A6940098B216 /* Last.fm.framework */ = {isa = PBXFileReference; explicitFileType = wrapper.framework; includeInIndex = 0; path = Last.fm.framework; sourceTree = BUILT_PRODUCTS_DIR; };
		C9684F7610A7414B003816A7 /* EMKeychainItem.h */ = {isa = PBXFileReference; fileEncoding = 4; lastKnownFileType = sourcecode.c.h; path = EMKeychainItem.h; sourceTree = "<group>"; };
		C9684F7710A7414B003816A7 /* EMKeychainItem.m */ = {isa = PBXFileReference; fileEncoding = 4; lastKnownFileType = sourcecode.c.objc; path = EMKeychainItem.m; sourceTree = "<group>"; };
		C9684F7810A7414B003816A7 /* EMKeychainProxy.h */ = {isa = PBXFileReference; fileEncoding = 4; lastKnownFileType = sourcecode.c.h; path = EMKeychainProxy.h; sourceTree = "<group>"; };
		C9684F7910A7414B003816A7 /* EMKeychainProxy.m */ = {isa = PBXFileReference; fileEncoding = 4; lastKnownFileType = sourcecode.c.objc; path = EMKeychainProxy.m; sourceTree = "<group>"; };
		C9684FA210A7483E003816A7 /* UIController.h */ = {isa = PBXFileReference; fileEncoding = 4; lastKnownFileType = sourcecode.c.h; path = UIController.h; sourceTree = "<group>"; };
		C9684FA310A7483E003816A7 /* UIController.m */ = {isa = PBXFileReference; fileEncoding = 4; lastKnownFileType = sourcecode.c.objc; path = UIController.m; sourceTree = "<group>"; };
		C968513010A74E8E003816A7 /* Carbon.framework */ = {isa = PBXFileReference; lastKnownFileType = wrapper.framework; name = Carbon.framework; path = /System/Library/Frameworks/Carbon.framework; sourceTree = "<absolute>"; };
		C96851EE10A74E95003816A7 /* Security.framework */ = {isa = PBXFileReference; lastKnownFileType = wrapper.framework; name = Security.framework; path = /System/Library/Frameworks/Security.framework; sourceTree = "<absolute>"; };
		C968524410A7514F003816A7 /* LFValidateSessionRequest.h */ = {isa = PBXFileReference; fileEncoding = 4; lastKnownFileType = sourcecode.c.h; path = LFValidateSessionRequest.h; sourceTree = "<group>"; };
		C968524510A7514F003816A7 /* LFValidateSessionRequest.m */ = {isa = PBXFileReference; fileEncoding = 4; lastKnownFileType = sourcecode.c.objc; path = LFValidateSessionRequest.m; sourceTree = "<group>"; };
		C968534810A776F8003816A7 /* LFScrobblerHandshakeRequest.h */ = {isa = PBXFileReference; fileEncoding = 4; lastKnownFileType = sourcecode.c.h; path = LFScrobblerHandshakeRequest.h; sourceTree = "<group>"; };
		C968534910A776F8003816A7 /* LFScrobblerHandshakeRequest.m */ = {isa = PBXFileReference; fileEncoding = 4; lastKnownFileType = sourcecode.c.objc; path = LFScrobblerHandshakeRequest.m; sourceTree = "<group>"; };
		C969718410A5037500A9FFAD /* LFNowPlayingRequest.h */ = {isa = PBXFileReference; fileEncoding = 4; lastKnownFileType = sourcecode.c.h; path = LFNowPlayingRequest.h; sourceTree = "<group>"; };
		C969718510A5037500A9FFAD /* LFNowPlayingRequest.m */ = {isa = PBXFileReference; fileEncoding = 4; lastKnownFileType = sourcecode.c.objc; path = LFNowPlayingRequest.m; sourceTree = "<group>"; };
		C969718810A5037E00A9FFAD /* LFScrobbleRequest.h */ = {isa = PBXFileReference; fileEncoding = 4; lastKnownFileType = sourcecode.c.h; path = LFScrobbleRequest.h; sourceTree = "<group>"; };
		C969718910A5037E00A9FFAD /* LFScrobbleRequest.m */ = {isa = PBXFileReference; fileEncoding = 4; lastKnownFileType = sourcecode.c.objc; path = LFScrobbleRequest.m; sourceTree = "<group>"; };
		C969718C10A5038600A9FFAD /* LFLoveRequest.h */ = {isa = PBXFileReference; fileEncoding = 4; lastKnownFileType = sourcecode.c.h; path = LFLoveRequest.h; sourceTree = "<group>"; };
		C969718D10A5038600A9FFAD /* LFLoveRequest.m */ = {isa = PBXFileReference; fileEncoding = 4; lastKnownFileType = sourcecode.c.objc; path = LFLoveRequest.m; sourceTree = "<group>"; };
		C969719010A5038A00A9FFAD /* LFBanRequest.h */ = {isa = PBXFileReference; fileEncoding = 4; lastKnownFileType = sourcecode.c.h; path = LFBanRequest.h; sourceTree = "<group>"; };
		C969719110A5038A00A9FFAD /* LFBanRequest.m */ = {isa = PBXFileReference; fileEncoding = 4; lastKnownFileType = sourcecode.c.objc; path = LFBanRequest.m; sourceTree = "<group>"; };
		C969719410A5039700A9FFAD /* LFGetTokenRequest.h */ = {isa = PBXFileReference; fileEncoding = 4; lastKnownFileType = sourcecode.c.h; path = LFGetTokenRequest.h; sourceTree = "<group>"; };
		C969719510A5039700A9FFAD /* LFGetTokenRequest.m */ = {isa = PBXFileReference; fileEncoding = 4; lastKnownFileType = sourcecode.c.objc; path = LFGetTokenRequest.m; sourceTree = "<group>"; };
		C969719810A5039E00A9FFAD /* LFGetSessionRequest.h */ = {isa = PBXFileReference; fileEncoding = 4; lastKnownFileType = sourcecode.c.h; path = LFGetSessionRequest.h; sourceTree = "<group>"; };
		C969719910A5039E00A9FFAD /* LFGetSessionRequest.m */ = {isa = PBXFileReference; fileEncoding = 4; lastKnownFileType = sourcecode.c.objc; path = LFGetSessionRequest.m; sourceTree = "<group>"; };
		C96971A010A5044400A9FFAD /* LFRequestTypes.h */ = {isa = PBXFileReference; fileEncoding = 4; lastKnownFileType = sourcecode.c.h; path = LFRequestTypes.h; sourceTree = "<group>"; };
		C969720510A50DF900A9FFAD /* NSString+LFExtensions.h */ = {isa = PBXFileReference; fileEncoding = 4; lastKnownFileType = sourcecode.c.h; path = "NSString+LFExtensions.h"; sourceTree = "<group>"; };
		C969720610A50DF900A9FFAD /* NSString+LFExtensions.m */ = {isa = PBXFileReference; fileEncoding = 4; lastKnownFileType = sourcecode.c.objc; path = "NSString+LFExtensions.m"; sourceTree = "<group>"; };
		C97DBFF110AB9D0200B0F18D /* Scrobbly.app */ = {isa = PBXFileReference; explicitFileType = wrapper.application; includeInIndex = 0; name = Scrobbly.app; path = build/Release/Scrobbly.app; sourceTree = "<group>"; };
		C97DBFF310AB9D0200B0F18D /* Scrobbly-Info.plist */ = {isa = PBXFileReference; lastKnownFileType = text.plist.xml; path = "Scrobbly-Info.plist"; sourceTree = "<group>"; };
		C97DC11510AB9D6F00B0F18D /* English */ = {isa = PBXFileReference; lastKnownFileType = file.xib; name = English; path = English.lproj/Scrobbly.xib; sourceTree = "<group>"; };
		C97DC12C10AB9EE900B0F18D /* SYController.h */ = {isa = PBXFileReference; fileEncoding = 4; lastKnownFileType = sourcecode.c.h; path = SYController.h; sourceTree = "<group>"; };
		C97DC12D10AB9EE900B0F18D /* SYController.m */ = {isa = PBXFileReference; fileEncoding = 4; lastKnownFileType = sourcecode.c.objc; path = SYController.m; sourceTree = "<group>"; };
		C97DC13110AB9EF100B0F18D /* SYUIController.h */ = {isa = PBXFileReference; fileEncoding = 4; lastKnownFileType = sourcecode.c.h; path = SYUIController.h; sourceTree = "<group>"; };
		C97DC13210AB9EF100B0F18D /* SYUIController.m */ = {isa = PBXFileReference; fileEncoding = 4; lastKnownFileType = sourcecode.c.objc; path = SYUIController.m; sourceTree = "<group>"; };
		C97DC16C10ABA45B00B0F18D /* lcd.png */ = {isa = PBXFileReference; lastKnownFileType = image.png; path = lcd.png; sourceTree = "<group>"; };
		C97DC17010ABA51700B0F18D /* SYLCDView.h */ = {isa = PBXFileReference; fileEncoding = 4; lastKnownFileType = sourcecode.c.h; path = SYLCDView.h; sourceTree = "<group>"; };
		C97DC17110ABA51700B0F18D /* SYLCDView.m */ = {isa = PBXFileReference; fileEncoding = 4; lastKnownFileType = sourcecode.c.objc; path = SYLCDView.m; sourceTree = "<group>"; };
		C97DC18510ABA5CD00B0F18D /* SYWhiteView.h */ = {isa = PBXFileReference; fileEncoding = 4; lastKnownFileType = sourcecode.c.h; path = SYWhiteView.h; sourceTree = "<group>"; };
		C97DC18610ABA5CD00B0F18D /* SYWhiteView.m */ = {isa = PBXFileReference; fileEncoding = 4; lastKnownFileType = sourcecode.c.objc; path = SYWhiteView.m; sourceTree = "<group>"; };
		C97DC1B910ABAC6F00B0F18D /* love.png */ = {isa = PBXFileReference; lastKnownFileType = image.png; path = love.png; sourceTree = "<group>"; };
		C97DC1BA10ABAC6F00B0F18D /* ban.png */ = {isa = PBXFileReference; lastKnownFileType = image.png; path = ban.png; sourceTree = "<group>"; };
		C97DC1F210ABB2B700B0F18D /* MPFunctions.h */ = {isa = PBXFileReference; fileEncoding = 4; lastKnownFileType = sourcecode.c.h; path = MPFunctions.h; sourceTree = "<group>"; };
		C97DC1F310ABB2B700B0F18D /* MPFunctions.m */ = {isa = PBXFileReference; fileEncoding = 4; lastKnownFileType = sourcecode.c.objc; path = MPFunctions.m; sourceTree = "<group>"; };
		C97DC1F410ABB2B700B0F18D /* MPTidbits.h */ = {isa = PBXFileReference; fileEncoding = 4; lastKnownFileType = sourcecode.c.h; path = MPTidbits.h; sourceTree = "<group>"; };
		C97DC1F510ABB2B700B0F18D /* NSCollections+MPTidbits.h */ = {isa = PBXFileReference; fileEncoding = 4; lastKnownFileType = sourcecode.c.h; path = "NSCollections+MPTidbits.h"; sourceTree = "<group>"; };
		C97DC1F610ABB2B700B0F18D /* NSCollections+MPTidbits.m */ = {isa = PBXFileReference; fileEncoding = 4; lastKnownFileType = sourcecode.c.objc; path = "NSCollections+MPTidbits.m"; sourceTree = "<group>"; };
		C97DC1F710ABB2B700B0F18D /* NSString+MPTidbits.h */ = {isa = PBXFileReference; fileEncoding = 4; lastKnownFileType = sourcecode.c.h; path = "NSString+MPTidbits.h"; sourceTree = "<group>"; };
		C97DC1F810ABB2B700B0F18D /* NSString+MPTidbits.m */ = {isa = PBXFileReference; fileEncoding = 4; lastKnownFileType = sourcecode.c.objc; path = "NSString+MPTidbits.m"; sourceTree = "<group>"; };
		C9CD582310A3302200AB1952 /* LFWebService.h */ = {isa = PBXFileReference; fileEncoding = 4; lastKnownFileType = sourcecode.c.h; path = LFWebService.h; sourceTree = "<group>"; };
		C9CD582410A3302200AB1952 /* LFWebService.m */ = {isa = PBXFileReference; fileEncoding = 4; lastKnownFileType = sourcecode.c.objc; path = LFWebService.m; sourceTree = "<group>"; };
		C9CD582910A3327700AB1952 /* LFPlaySession.h */ = {isa = PBXFileReference; fileEncoding = 4; lastKnownFileType = sourcecode.c.h; path = LFPlaySession.h; sourceTree = "<group>"; };
		C9CD582A10A3327700AB1952 /* LFPlaySession.m */ = {isa = PBXFileReference; fileEncoding = 4; lastKnownFileType = sourcecode.c.objc; path = LFPlaySession.m; sourceTree = "<group>"; };
		C9CD583910A3374100AB1952 /* Last.fm.h */ = {isa = PBXFileReference; fileEncoding = 4; lastKnownFileType = sourcecode.c.h; path = Last.fm.h; sourceTree = "<group>"; };
		C9CD584C10A3553500AB1952 /* LFRequest.h */ = {isa = PBXFileReference; fileEncoding = 4; lastKnownFileType = sourcecode.c.h; path = LFRequest.h; sourceTree = "<group>"; };
		C9CD584D10A3553500AB1952 /* LFRequest.m */ = {isa = PBXFileReference; fileEncoding = 4; lastKnownFileType = sourcecode.c.objc; path = LFRequest.m; sourceTree = "<group>"; };
		C9CD589310A366C800AB1952 /* LFWebServicePrivate.h */ = {isa = PBXFileReference; fileEncoding = 4; lastKnownFileType = sourcecode.c.h; path = LFWebServicePrivate.h; sourceTree = "<group>"; };
		C9CD589D10A367BA00AB1952 /* LFWebServiceDelegate.h */ = {isa = PBXFileReference; fileEncoding = 4; lastKnownFileType = sourcecode.c.h; path = LFWebServiceDelegate.h; sourceTree = "<group>"; };
		C9D5C78910A28A2500AFCF8A /* Last.fm Demo.app */ = {isa = PBXFileReference; explicitFileType = wrapper.application; includeInIndex = 0; path = "Last.fm Demo.app"; sourceTree = BUILT_PRODUCTS_DIR; };
		C9D5C78B10A28A2500AFCF8A /* Last.fm Demo-Info.plist */ = {isa = PBXFileReference; lastKnownFileType = text.plist.xml; path = "Last.fm Demo-Info.plist"; sourceTree = "<group>"; };
		C9D5C79C10A28A8C00AFCF8A /* main.m */ = {isa = PBXFileReference; fileEncoding = 4; lastKnownFileType = sourcecode.c.objc; path = main.m; sourceTree = "<group>"; };
		C9D5C7A010A28B0000AFCF8A /* Controller.h */ = {isa = PBXFileReference; fileEncoding = 4; lastKnownFileType = sourcecode.c.h; path = Controller.h; sourceTree = "<group>"; };
		C9D5C7A110A28B0000AFCF8A /* Controller.m */ = {isa = PBXFileReference; fileEncoding = 4; lastKnownFileType = sourcecode.c.objc; path = Controller.m; sourceTree = "<group>"; };
		C9D5C7A510A28B3500AFCF8A /* LFTrack.h */ = {isa = PBXFileReference; fileEncoding = 4; lastKnownFileType = sourcecode.c.h; path = LFTrack.h; sourceTree = "<group>"; };
		C9D5C7A610A28B3500AFCF8A /* LFTrack.m */ = {isa = PBXFileReference; fileEncoding = 4; lastKnownFileType = sourcecode.c.objc; path = LFTrack.m; sourceTree = "<group>"; };
		C9D5C7AB10A28B5600AFCF8A /* English */ = {isa = PBXFileReference; lastKnownFileType = file.xib; name = English; path = English.lproj/MainMenu.xib; sourceTree = "<group>"; };
		D2F7E79907B2D74100F64583 /* CoreData.framework */ = {isa = PBXFileReference; lastKnownFileType = wrapper.framework; name = CoreData.framework; path = /System/Library/Frameworks/CoreData.framework; sourceTree = "<absolute>"; };
/* End PBXFileReference section */

/* Begin PBXFrameworksBuildPhase section */
		8DC2EF560486A6940098B216 /* Frameworks */ = {
			isa = PBXFrameworksBuildPhase;
			buildActionMask = 2147483647;
			files = (
				8DC2EF570486A6940098B216 /* Cocoa.framework in Frameworks */,
			);
			runOnlyForDeploymentPostprocessing = 0;
		};
		C97DBFEF10AB9D0200B0F18D /* Frameworks */ = {
			isa = PBXFrameworksBuildPhase;
			buildActionMask = 2147483647;
			files = (
				C97DC00510AB9D2600B0F18D /* Cocoa.framework in Frameworks */,
				C97DC00A10AB9D2C00B0F18D /* Last.fm.framework in Frameworks */,
				C97DC01510AB9D3B00B0F18D /* Carbon.framework in Frameworks */,
				C97DC0D110AB9D4300B0F18D /* Security.framework in Frameworks */,
			);
			runOnlyForDeploymentPostprocessing = 0;
		};
		C9D5C78710A28A2500AFCF8A /* Frameworks */ = {
			isa = PBXFrameworksBuildPhase;
			buildActionMask = 2147483647;
			files = (
				C9D5C7B810A28BC900AFCF8A /* Cocoa.framework in Frameworks */,
				C9D5C7BC10A28BD500AFCF8A /* Last.fm.framework in Frameworks */,
				C968513110A74E8E003816A7 /* Carbon.framework in Frameworks */,
				C96851EF10A74E95003816A7 /* Security.framework in Frameworks */,
			);
			runOnlyForDeploymentPostprocessing = 0;
		};
/* End PBXFrameworksBuildPhase section */

/* Begin PBXGroup section */
		034768DFFF38A50411DB9C8B /* Products */ = {
			isa = PBXGroup;
			children = (
				8DC2EF5B0486A6940098B216 /* Last.fm.framework */,
				C9D5C78910A28A2500AFCF8A /* Last.fm Demo.app */,
				C97DBFF110AB9D0200B0F18D /* Scrobbly.app */,
			);
			name = Products;
			sourceTree = "<group>";
		};
		0867D691FE84028FC02AAC07 /* Last.fm */ = {
			isa = PBXGroup;
			children = (
				C97DC12910AB9ED400B0F18D /* Classes (Scrobbly) */,
				C9D5C79510A28A5A00AFCF8A /* Classes (Demo App) */,
				08FB77AEFE84172EC02AAC07 /* Classes (Framework) */,
				32C88DFF0371C24200C91783 /* Other Sources */,
				089C1665FE841158C02AAC07 /* Resources */,
				0867D69AFE84028FC02AAC07 /* External Frameworks and Libraries */,
				034768DFFF38A50411DB9C8B /* Products */,
				C9D5C78B10A28A2500AFCF8A /* Last.fm Demo-Info.plist */,
				C97DBFF310AB9D0200B0F18D /* Scrobbly-Info.plist */,
			);
			name = Last.fm;
			sourceTree = "<group>";
		};
		0867D69AFE84028FC02AAC07 /* External Frameworks and Libraries */ = {
			isa = PBXGroup;
			children = (
				1058C7B0FEA5585E11CA2CBB /* Linked Frameworks */,
				1058C7B2FEA5585E11CA2CBB /* Other Frameworks */,
			);
			name = "External Frameworks and Libraries";
			sourceTree = "<group>";
		};
		089C1665FE841158C02AAC07 /* Resources */ = {
			isa = PBXGroup;
			children = (
				C97DC1B910ABAC6F00B0F18D /* love.png */,
				C97DC1BA10ABAC6F00B0F18D /* ban.png */,
				C97DC16C10ABA45B00B0F18D /* lcd.png */,
				8DC2EF5A0486A6940098B216 /* Info.plist */,
				089C1666FE841158C02AAC07 /* InfoPlist.strings */,
				C9D5C7AD10A28B5D00AFCF8A /* MainMenu.xib */,
				C97DC11A10AB9D9800B0F18D /* Scrobbly.xib */,
			);
			name = Resources;
			sourceTree = "<group>";
		};
		08FB77AEFE84172EC02AAC07 /* Classes (Framework) */ = {
			isa = PBXGroup;
			children = (
				C9CD582310A3302200AB1952 /* LFWebService.h */,
				C9CD589310A366C800AB1952 /* LFWebServicePrivate.h */,
				C9CD589D10A367BA00AB1952 /* LFWebServiceDelegate.h */,
				C9CD582410A3302200AB1952 /* LFWebService.m */,
				C9D5C7A510A28B3500AFCF8A /* LFTrack.h */,
				C9D5C7A610A28B3500AFCF8A /* LFTrack.m */,
				C9CD582910A3327700AB1952 /* LFPlaySession.h */,
				C9CD582A10A3327700AB1952 /* LFPlaySession.m */,
				C9CD584C10A3553500AB1952 /* LFRequest.h */,
				C9CD584D10A3553500AB1952 /* LFRequest.m */,
				C969718310A5034800A9FFAD /* Request Types */,
			);
			name = "Classes (Framework)";
			sourceTree = "<group>";
		};
		1058C7B0FEA5585E11CA2CBB /* Linked Frameworks */ = {
			isa = PBXGroup;
			children = (
				1058C7B1FEA5585E11CA2CBB /* Cocoa.framework */,
				C96851EE10A74E95003816A7 /* Security.framework */,
				C968513010A74E8E003816A7 /* Carbon.framework */,
			);
			name = "Linked Frameworks";
			sourceTree = "<group>";
		};
		1058C7B2FEA5585E11CA2CBB /* Other Frameworks */ = {
			isa = PBXGroup;
			children = (
				0867D6A5FE840307C02AAC07 /* AppKit.framework */,
				D2F7E79907B2D74100F64583 /* CoreData.framework */,
				0867D69BFE84028FC02AAC07 /* Foundation.framework */,
			);
			name = "Other Frameworks";
			sourceTree = "<group>";
		};
		32C88DFF0371C24200C91783 /* Other Sources */ = {
			isa = PBXGroup;
			children = (
				C9CD583910A3374100AB1952 /* Last.fm.h */,
				C969720510A50DF900A9FFAD /* NSString+LFExtensions.h */,
				C969720610A50DF900A9FFAD /* NSString+LFExtensions.m */,
				C9D5C79C10A28A8C00AFCF8A /* main.m */,
				32DBCF5E0370ADEE00C91783 /* Last.fm_Prefix.pch */,
				C97DC1F210ABB2B700B0F18D /* MPFunctions.h */,
				C97DC1F310ABB2B700B0F18D /* MPFunctions.m */,
				C97DC1F410ABB2B700B0F18D /* MPTidbits.h */,
				C97DC1F510ABB2B700B0F18D /* NSCollections+MPTidbits.h */,
				C97DC1F610ABB2B700B0F18D /* NSCollections+MPTidbits.m */,
				C97DC1F710ABB2B700B0F18D /* NSString+MPTidbits.h */,
				C97DC1F810ABB2B700B0F18D /* NSString+MPTidbits.m */,
			);
			name = "Other Sources";
			sourceTree = "<group>";
		};
		C969718310A5034800A9FFAD /* Request Types */ = {
			isa = PBXGroup;
			children = (
				C96971A010A5044400A9FFAD /* LFRequestTypes.h */,
				C969718410A5037500A9FFAD /* LFNowPlayingRequest.h */,
				C969718510A5037500A9FFAD /* LFNowPlayingRequest.m */,
				C969718810A5037E00A9FFAD /* LFScrobbleRequest.h */,
				C969718910A5037E00A9FFAD /* LFScrobbleRequest.m */,
				C969718C10A5038600A9FFAD /* LFLoveRequest.h */,
				C969718D10A5038600A9FFAD /* LFLoveRequest.m */,
				C969719010A5038A00A9FFAD /* LFBanRequest.h */,
				C969719110A5038A00A9FFAD /* LFBanRequest.m */,
				C969719410A5039700A9FFAD /* LFGetTokenRequest.h */,
				C969719510A5039700A9FFAD /* LFGetTokenRequest.m */,
				C969719810A5039E00A9FFAD /* LFGetSessionRequest.h */,
				C969719910A5039E00A9FFAD /* LFGetSessionRequest.m */,
				C968524410A7514F003816A7 /* LFValidateSessionRequest.h */,
				C968524510A7514F003816A7 /* LFValidateSessionRequest.m */,
				C968534810A776F8003816A7 /* LFScrobblerHandshakeRequest.h */,
				C968534910A776F8003816A7 /* LFScrobblerHandshakeRequest.m */,
			);
			name = "Request Types";
			sourceTree = "<group>";
		};
		C97DC12910AB9ED400B0F18D /* Classes (Scrobbly) */ = {
			isa = PBXGroup;
			children = (
				C97DC12C10AB9EE900B0F18D /* SYController.h */,
				C97DC12D10AB9EE900B0F18D /* SYController.m */,
				C97DC13110AB9EF100B0F18D /* SYUIController.h */,
				C97DC13210AB9EF100B0F18D /* SYUIController.m */,
				C97DC17010ABA51700B0F18D /* SYLCDView.h */,
				C97DC17110ABA51700B0F18D /* SYLCDView.m */,
				C97DC18510ABA5CD00B0F18D /* SYWhiteView.h */,
				C97DC18610ABA5CD00B0F18D /* SYWhiteView.m */,
			);
			name = "Classes (Scrobbly)";
			sourceTree = "<group>";
		};
		C9D5C79510A28A5A00AFCF8A /* Classes (Demo App) */ = {
			isa = PBXGroup;
			children = (
				C9D5C7A010A28B0000AFCF8A /* Controller.h */,
				C9D5C7A110A28B0000AFCF8A /* Controller.m */,
				C9684FA210A7483E003816A7 /* UIController.h */,
				C9684FA310A7483E003816A7 /* UIController.m */,
				C9684F7610A7414B003816A7 /* EMKeychainItem.h */,
				C9684F7710A7414B003816A7 /* EMKeychainItem.m */,
				C9684F7810A7414B003816A7 /* EMKeychainProxy.h */,
				C9684F7910A7414B003816A7 /* EMKeychainProxy.m */,
			);
			name = "Classes (Demo App)";
			sourceTree = "<group>";
		};
/* End PBXGroup section */

/* Begin PBXHeadersBuildPhase section */
		8DC2EF500486A6940098B216 /* Headers */ = {
			isa = PBXHeadersBuildPhase;
			buildActionMask = 2147483647;
			files = (
				C9D5C7A710A28B3500AFCF8A /* LFTrack.h in Headers */,
				C9CD582510A3302200AB1952 /* LFWebService.h in Headers */,
				C9CD582B10A3327700AB1952 /* LFPlaySession.h in Headers */,
				C9CD583B10A3374100AB1952 /* Last.fm.h in Headers */,
				C9CD584E10A3553500AB1952 /* LFRequest.h in Headers */,
				C9CD589510A366C800AB1952 /* LFWebServicePrivate.h in Headers */,
				C9CD589F10A367BA00AB1952 /* LFWebServiceDelegate.h in Headers */,
				C969718610A5037500A9FFAD /* LFNowPlayingRequest.h in Headers */,
				C969718A10A5037E00A9FFAD /* LFScrobbleRequest.h in Headers */,
				C969718E10A5038600A9FFAD /* LFLoveRequest.h in Headers */,
				C969719210A5038A00A9FFAD /* LFBanRequest.h in Headers */,
				C969719610A5039700A9FFAD /* LFGetTokenRequest.h in Headers */,
				C969719A10A5039E00A9FFAD /* LFGetSessionRequest.h in Headers */,
				C96971A210A5044400A9FFAD /* LFRequestTypes.h in Headers */,
				C969720710A50DF900A9FFAD /* NSString+LFExtensions.h in Headers */,
				C968524610A7514F003816A7 /* LFValidateSessionRequest.h in Headers */,
				C968534A10A776F8003816A7 /* LFScrobblerHandshakeRequest.h in Headers */,
			);
			runOnlyForDeploymentPostprocessing = 0;
		};
/* End PBXHeadersBuildPhase section */

/* Begin PBXNativeTarget section */
		8DC2EF4F0486A6940098B216 /* Last.fm */ = {
			isa = PBXNativeTarget;
			buildConfigurationList = 1DEB91AD08733DA50010E9CD /* Build configuration list for PBXNativeTarget "Last.fm" */;
			buildPhases = (
				8DC2EF500486A6940098B216 /* Headers */,
				8DC2EF520486A6940098B216 /* Resources */,
				8DC2EF540486A6940098B216 /* Sources */,
				8DC2EF560486A6940098B216 /* Frameworks */,
			);
			buildRules = (
			);
			dependencies = (
			);
			name = Last.fm;
			productInstallPath = "$(HOME)/Library/Frameworks";
			productName = Last.fm;
			productReference = 8DC2EF5B0486A6940098B216 /* Last.fm.framework */;
			productType = "com.apple.product-type.framework";
		};
		C97DBFF010AB9D0200B0F18D /* Scrobbly */ = {
			isa = PBXNativeTarget;
			buildConfigurationList = C97DBFF610AB9D0300B0F18D /* Build configuration list for PBXNativeTarget "Scrobbly" */;
			buildPhases = (
				C97DBFED10AB9D0200B0F18D /* Resources */,
				C97DBFEE10AB9D0200B0F18D /* Sources */,
				C97DBFEF10AB9D0200B0F18D /* Frameworks */,
				C97DC11410AB9D6100B0F18D /* CopyFiles */,
			);
			buildRules = (
			);
			dependencies = (
				C97DBFF810AB9D0900B0F18D /* PBXTargetDependency */,
			);
			name = Scrobbly;
			productName = Scrobbly;
			productReference = C97DBFF110AB9D0200B0F18D /* Scrobbly.app */;
			productType = "com.apple.product-type.application";
		};
		C9D5C78810A28A2500AFCF8A /* Last.fm Demo */ = {
			isa = PBXNativeTarget;
			buildConfigurationList = C9D5C78F10A28A2500AFCF8A /* Build configuration list for PBXNativeTarget "Last.fm Demo" */;
			buildPhases = (
				C9D5C78510A28A2500AFCF8A /* Resources */,
				C9D5C78610A28A2500AFCF8A /* Sources */,
				C9D5C78710A28A2500AFCF8A /* Frameworks */,
				C9D5C79610A28A5A00AFCF8A /* CopyFiles */,
			);
			buildRules = (
			);
			dependencies = (
				C9D5C79210A28A3900AFCF8A /* PBXTargetDependency */,
			);
			name = "Last.fm Demo";
			productName = "Last.fm Demo";
			productReference = C9D5C78910A28A2500AFCF8A /* Last.fm Demo.app */;
			productType = "com.apple.product-type.application";
		};
/* End PBXNativeTarget section */

/* Begin PBXProject section */
		0867D690FE84028FC02AAC07 /* Project object */ = {
			isa = PBXProject;
			buildConfigurationList = 1DEB91B108733DA50010E9CD /* Build configuration list for PBXProject "Last.fm" */;
			compatibilityVersion = "Xcode 3.1";
			hasScannedForEncodings = 1;
			mainGroup = 0867D691FE84028FC02AAC07 /* Last.fm */;
			productRefGroup = 034768DFFF38A50411DB9C8B /* Products */;
			projectDirPath = "";
			projectRoot = "";
			targets = (
				8DC2EF4F0486A6940098B216 /* Last.fm */,
				C9D5C78810A28A2500AFCF8A /* Last.fm Demo */,
				C97DBFF010AB9D0200B0F18D /* Scrobbly */,
			);
		};
/* End PBXProject section */

/* Begin PBXResourcesBuildPhase section */
		8DC2EF520486A6940098B216 /* Resources */ = {
			isa = PBXResourcesBuildPhase;
			buildActionMask = 2147483647;
			files = (
				8DC2EF530486A6940098B216 /* InfoPlist.strings in Resources */,
			);
			runOnlyForDeploymentPostprocessing = 0;
		};
		C97DBFED10AB9D0200B0F18D /* Resources */ = {
			isa = PBXResourcesBuildPhase;
			buildActionMask = 2147483647;
			files = (
				C97DC11B10AB9D9800B0F18D /* Scrobbly.xib in Resources */,
				C97DC16D10ABA45B00B0F18D /* lcd.png in Resources */,
				C97DC1BB10ABAC6F00B0F18D /* love.png in Resources */,
				C97DC1BC10ABAC6F00B0F18D /* ban.png in Resources */,
			);
			runOnlyForDeploymentPostprocessing = 0;
		};
		C9D5C78510A28A2500AFCF8A /* Resources */ = {
			isa = PBXResourcesBuildPhase;
			buildActionMask = 2147483647;
			files = (
				C9D5C7AE10A28B5D00AFCF8A /* MainMenu.xib in Resources */,
			);
			runOnlyForDeploymentPostprocessing = 0;
		};
/* End PBXResourcesBuildPhase section */

/* Begin PBXSourcesBuildPhase section */
		8DC2EF540486A6940098B216 /* Sources */ = {
			isa = PBXSourcesBuildPhase;
			buildActionMask = 2147483647;
			files = (
				C9D5C7A810A28B3500AFCF8A /* LFTrack.m in Sources */,
				C9CD582610A3302200AB1952 /* LFWebService.m in Sources */,
				C9CD582C10A3327700AB1952 /* LFPlaySession.m in Sources */,
				C9CD584F10A3553500AB1952 /* LFRequest.m in Sources */,
				C969718710A5037500A9FFAD /* LFNowPlayingRequest.m in Sources */,
				C969718B10A5037E00A9FFAD /* LFScrobbleRequest.m in Sources */,
				C969718F10A5038600A9FFAD /* LFLoveRequest.m in Sources */,
				C969719310A5038A00A9FFAD /* LFBanRequest.m in Sources */,
				C969719710A5039700A9FFAD /* LFGetTokenRequest.m in Sources */,
				C969719B10A5039E00A9FFAD /* LFGetSessionRequest.m in Sources */,
				C969720810A50DF900A9FFAD /* NSString+LFExtensions.m in Sources */,
				C968524710A7514F003816A7 /* LFValidateSessionRequest.m in Sources */,
				C968534B10A776F8003816A7 /* LFScrobblerHandshakeRequest.m in Sources */,
			);
			runOnlyForDeploymentPostprocessing = 0;
		};
		C97DBFEE10AB9D0200B0F18D /* Sources */ = {
			isa = PBXSourcesBuildPhase;
			buildActionMask = 2147483647;
			files = (
				C97DC11710AB9D7500B0F18D /* main.m in Sources */,
				C97DC11810AB9D8500B0F18D /* EMKeychainItem.m in Sources */,
				C97DC11910AB9D8C00B0F18D /* EMKeychainProxy.m in Sources */,
				C97DC12E10AB9EE900B0F18D /* SYController.m in Sources */,
				C97DC13310AB9EF100B0F18D /* SYUIController.m in Sources */,
				C97DC17210ABA51700B0F18D /* SYLCDView.m in Sources */,
				C97DC18710ABA5CD00B0F18D /* SYWhiteView.m in Sources */,
				C97DC1F910ABB2B700B0F18D /* MPFunctions.m in Sources */,
				C97DC1FA10ABB2B700B0F18D /* NSCollections+MPTidbits.m in Sources */,
				C97DC1FB10ABB2B700B0F18D /* NSString+MPTidbits.m in Sources */,
			);
			runOnlyForDeploymentPostprocessing = 0;
		};
		C9D5C78610A28A2500AFCF8A /* Sources */ = {
			isa = PBXSourcesBuildPhase;
			buildActionMask = 2147483647;
			files = (
				C9D5C79D10A28A8C00AFCF8A /* main.m in Sources */,
				C9D5C7A210A28B0000AFCF8A /* Controller.m in Sources */,
				C9684F7A10A7414B003816A7 /* EMKeychainItem.m in Sources */,
				C9684F7B10A7414B003816A7 /* EMKeychainProxy.m in Sources */,
				C9684FA410A7483E003816A7 /* UIController.m in Sources */,
			);
			runOnlyForDeploymentPostprocessing = 0;
		};
/* End PBXSourcesBuildPhase section */

/* Begin PBXTargetDependency section */
		C97DBFF810AB9D0900B0F18D /* PBXTargetDependency */ = {
			isa = PBXTargetDependency;
			target = 8DC2EF4F0486A6940098B216 /* Last.fm */;
			targetProxy = C97DBFF710AB9D0900B0F18D /* PBXContainerItemProxy */;
		};
		C9D5C79210A28A3900AFCF8A /* PBXTargetDependency */ = {
			isa = PBXTargetDependency;
			target = 8DC2EF4F0486A6940098B216 /* Last.fm */;
			targetProxy = C9D5C79110A28A3900AFCF8A /* PBXContainerItemProxy */;
		};
/* End PBXTargetDependency section */

/* Begin PBXVariantGroup section */
		089C1666FE841158C02AAC07 /* InfoPlist.strings */ = {
			isa = PBXVariantGroup;
			children = (
				089C1667FE841158C02AAC07 /* English */,
			);
			name = InfoPlist.strings;
			sourceTree = "<group>";
		};
		C97DC11A10AB9D9800B0F18D /* Scrobbly.xib */ = {
			isa = PBXVariantGroup;
			children = (
				C97DC11510AB9D6F00B0F18D /* English */,
			);
			name = Scrobbly.xib;
			sourceTree = "<group>";
		};
		C9D5C7AD10A28B5D00AFCF8A /* MainMenu.xib */ = {
			isa = PBXVariantGroup;
			children = (
				C9D5C7AB10A28B5600AFCF8A /* English */,
			);
			name = MainMenu.xib;
			sourceTree = "<group>";
		};
/* End PBXVariantGroup section */

/* Begin XCBuildConfiguration section */
		1DEB91AE08733DA50010E9CD /* Debug */ = {
			isa = XCBuildConfiguration;
			buildSettings = {
				ALWAYS_SEARCH_USER_PATHS = NO;
				COPY_PHASE_STRIP = NO;
				DYLIB_COMPATIBILITY_VERSION = 1;
				DYLIB_CURRENT_VERSION = 1;
				FRAMEWORK_VERSION = A;
				GCC_DYNAMIC_NO_PIC = NO;
				GCC_ENABLE_FIX_AND_CONTINUE = YES;
				GCC_ENABLE_OBJC_GC = supported;
				GCC_MODEL_TUNING = G5;
				GCC_OPTIMIZATION_LEVEL = 0;
				GCC_PRECOMPILE_PREFIX_HEADER = YES;
				GCC_PREFIX_HEADER = Last.fm_Prefix.pch;
				INFOPLIST_FILE = Info.plist;
				INSTALL_PATH = "@loader_path/../Frameworks";
				PRODUCT_NAME = Last.fm;
				WRAPPER_EXTENSION = framework;
			};
			name = Debug;
		};
		1DEB91AF08733DA50010E9CD /* Release */ = {
			isa = XCBuildConfiguration;
			buildSettings = {
				ALWAYS_SEARCH_USER_PATHS = NO;
				DEBUG_INFORMATION_FORMAT = "dwarf-with-dsym";
				DYLIB_COMPATIBILITY_VERSION = 1;
				DYLIB_CURRENT_VERSION = 1;
				FRAMEWORK_VERSION = A;
				GCC_ENABLE_OBJC_GC = supported;
				GCC_MODEL_TUNING = G5;
				GCC_PRECOMPILE_PREFIX_HEADER = YES;
				GCC_PREFIX_HEADER = Last.fm_Prefix.pch;
				INFOPLIST_FILE = Info.plist;
				INSTALL_PATH = "@loader_path/../Frameworks";
				PRODUCT_NAME = Last.fm;
				WRAPPER_EXTENSION = framework;
			};
			name = Release;
		};
		1DEB91B208733DA50010E9CD /* Debug */ = {
			isa = XCBuildConfiguration;
			buildSettings = {
				ARCHS = "$(ARCHS_STANDARD_32_64_BIT)";
				GCC_C_LANGUAGE_STANDARD = gnu99;
				GCC_OPTIMIZATION_LEVEL = 0;
				GCC_WARN_ABOUT_RETURN_TYPE = YES;
				GCC_WARN_UNUSED_VARIABLE = YES;
				ONLY_ACTIVE_ARCH = YES;
				PREBINDING = NO;
				SDKROOT = macosx10.5;
			};
			name = Debug;
		};
		1DEB91B308733DA50010E9CD /* Release */ = {
			isa = XCBuildConfiguration;
			buildSettings = {
				ARCHS = "$(ARCHS_STANDARD_32_64_BIT)";
				GCC_C_LANGUAGE_STANDARD = gnu99;
				GCC_WARN_ABOUT_RETURN_TYPE = YES;
				GCC_WARN_UNUSED_VARIABLE = YES;
				PREBINDING = NO;
				SDKROOT = macosx10.5;
			};
			name = Release;
		};
		C97DBFF410AB9D0300B0F18D /* Debug */ = {
			isa = XCBuildConfiguration;
			buildSettings = {
				ALWAYS_SEARCH_USER_PATHS = NO;
				COPY_PHASE_STRIP = NO;
				GCC_DYNAMIC_NO_PIC = NO;
				GCC_ENABLE_FIX_AND_CONTINUE = YES;
				GCC_MODEL_TUNING = G5;
				GCC_OPTIMIZATION_LEVEL = 0;
				GCC_PRECOMPILE_PREFIX_HEADER = YES;
				GCC_PREFIX_HEADER = "$(SYSTEM_LIBRARY_DIR)/Frameworks/AppKit.framework/Headers/AppKit.h";
				INFOPLIST_FILE = "Scrobbly-Info.plist";
				INSTALL_PATH = "$(HOME)/Applications";
				OTHER_LDFLAGS = (
					"-framework",
					Foundation,
					"-framework",
					AppKit,
				);
				PREBINDING = NO;
				PRODUCT_NAME = Scrobbly;
			};
			name = Debug;
		};
		C97DBFF510AB9D0300B0F18D /* Release */ = {
			isa = XCBuildConfiguration;
			buildSettings = {
				ALWAYS_SEARCH_USER_PATHS = NO;
				COPY_PHASE_STRIP = YES;
				DEBUG_INFORMATION_FORMAT = "dwarf-with-dsym";
				GCC_ENABLE_FIX_AND_CONTINUE = NO;
				GCC_MODEL_TUNING = G5;
				GCC_PRECOMPILE_PREFIX_HEADER = YES;
				GCC_PREFIX_HEADER = "$(SYSTEM_LIBRARY_DIR)/Frameworks/AppKit.framework/Headers/AppKit.h";
				INFOPLIST_FILE = "Scrobbly-Info.plist";
				INSTALL_PATH = "$(HOME)/Applications";
				OTHER_LDFLAGS = (
					"-framework",
					Foundation,
					"-framework",
					AppKit,
				);
				PREBINDING = NO;
				PRODUCT_NAME = Scrobbly;
				ZERO_LINK = NO;
			};
			name = Release;
		};
		C9D5C78D10A28A2500AFCF8A /* Debug */ = {
			isa = XCBuildConfiguration;
			buildSettings = {
				ALWAYS_SEARCH_USER_PATHS = NO;
				COPY_PHASE_STRIP = NO;
				GCC_DYNAMIC_NO_PIC = NO;
				GCC_ENABLE_FIX_AND_CONTINUE = YES;
				GCC_MODEL_TUNING = G5;
				GCC_OPTIMIZATION_LEVEL = 0;
				GCC_PRECOMPILE_PREFIX_HEADER = YES;
				GCC_PREFIX_HEADER = "$(SYSTEM_LIBRARY_DIR)/Frameworks/AppKit.framework/Headers/AppKit.h";
				INFOPLIST_FILE = "Last.fm Demo-Info.plist";
				INSTALL_PATH = "$(HOME)/Applications";
				OTHER_LDFLAGS = (
					"-framework",
					Foundation,
					"-framework",
					AppKit,
				);
				PREBINDING = NO;
				PRODUCT_NAME = "Last.fm Demo";
			};
			name = Debug;
		};
		C9D5C78E10A28A2500AFCF8A /* Release */ = {
			isa = XCBuildConfiguration;
			buildSettings = {
				ALWAYS_SEARCH_USER_PATHS = NO;
				COPY_PHASE_STRIP = YES;
				DEBUG_INFORMATION_FORMAT = "dwarf-with-dsym";
				GCC_ENABLE_FIX_AND_CONTINUE = NO;
				GCC_MODEL_TUNING = G5;
				GCC_PRECOMPILE_PREFIX_HEADER = YES;
				GCC_PREFIX_HEADER = "$(SYSTEM_LIBRARY_DIR)/Frameworks/AppKit.framework/Headers/AppKit.h";
				INFOPLIST_FILE = "Last.fm Demo-Info.plist";
				INSTALL_PATH = "$(HOME)/Applications";
				OTHER_LDFLAGS = (
					"-framework",
					Foundation,
					"-framework",
					AppKit,
				);
				PREBINDING = NO;
				PRODUCT_NAME = "Last.fm Demo";
				ZERO_LINK = NO;
			};
			name = Release;
		};
/* End XCBuildConfiguration section */

/* Begin XCConfigurationList section */
		1DEB91AD08733DA50010E9CD /* Build configuration list for PBXNativeTarget "Last.fm" */ = {
			isa = XCConfigurationList;
			buildConfigurations = (
				1DEB91AE08733DA50010E9CD /* Debug */,
				1DEB91AF08733DA50010E9CD /* Release */,
			);
			defaultConfigurationIsVisible = 0;
			defaultConfigurationName = Release;
		};
		1DEB91B108733DA50010E9CD /* Build configuration list for PBXProject "Last.fm" */ = {
			isa = XCConfigurationList;
			buildConfigurations = (
				1DEB91B208733DA50010E9CD /* Debug */,
				1DEB91B308733DA50010E9CD /* Release */,
			);
			defaultConfigurationIsVisible = 0;
			defaultConfigurationName = Release;
		};
		C97DBFF610AB9D0300B0F18D /* Build configuration list for PBXNativeTarget "Scrobbly" */ = {
			isa = XCConfigurationList;
			buildConfigurations = (
				C97DBFF410AB9D0300B0F18D /* Debug */,
				C97DBFF510AB9D0300B0F18D /* Release */,
			);
			defaultConfigurationIsVisible = 0;
			defaultConfigurationName = Release;
		};
		C9D5C78F10A28A2500AFCF8A /* Build configuration list for PBXNativeTarget "Last.fm Demo" */ = {
			isa = XCConfigurationList;
			buildConfigurations = (
				C9D5C78D10A28A2500AFCF8A /* Debug */,
				C9D5C78E10A28A2500AFCF8A /* Release */,
			);
			defaultConfigurationIsVisible = 0;
			defaultConfigurationName = Release;
		};
/* End XCConfigurationList section */
	};
	rootObject = 0867D690FE84028FC02AAC07 /* Project object */;
}
